// !$*UTF8*$!
{
	archiveVersion = 1;
	classes = {
	};
	objectVersion = 77;
	objects = {

/* Begin PBXBuildFile section */
		ABD3B00A2F42868D00F293BC /* CatalogFeature in Frameworks */ = {isa = PBXBuildFile; productRef = ABD3B0092F42868D00F293BC /* CatalogFeature */; };
/* End PBXBuildFile section */

/* Begin PBXContainerItemProxy section */
		ABD3AFC02F42737700F293BC /* PBXContainerItemProxy */ = {
			isa = PBXContainerItemProxy;
			containerPortal = ABD3AFAA2F42737600F293BC /* Project object */;
			proxyType = 1;
			remoteGlobalIDString = ABD3AFB12F42737600F293BC;
			remoteInfo = "Dsquares-task";
		};
		ABD3AFCA2F42737700F293BC /* PBXContainerItemProxy */ = {
			isa = PBXContainerItemProxy;
			containerPortal = ABD3AFAA2F42737600F293BC /* Project object */;
			proxyType = 1;
			remoteGlobalIDString = ABD3AFB12F42737600F293BC;
			remoteInfo = "Dsquares-task";
		};
/* End PBXContainerItemProxy section */

/* Begin PBXFileReference section */
		ABD3AFB22F42737600F293BC /* Dsquares-task.app */ = {isa = PBXFileReference; explicitFileType = wrapper.application; includeInIndex = 0; path = "Dsquares-task.app"; sourceTree = BUILT_PRODUCTS_DIR; };
		ABD3AFBF2F42737700F293BC /* Dsquares-taskTests.xctest */ = {isa = PBXFileReference; explicitFileType = wrapper.cfbundle; includeInIndex = 0; path = "Dsquares-taskTests.xctest"; sourceTree = BUILT_PRODUCTS_DIR; };
		ABD3AFC92F42737700F293BC /* Dsquares-taskUITests.xctest */ = {isa = PBXFileReference; explicitFileType = wrapper.cfbundle; includeInIndex = 0; path = "Dsquares-taskUITests.xctest"; sourceTree = BUILT_PRODUCTS_DIR; };
/* End PBXFileReference section */

/* Begin PBXFileSystemSynchronizedBuildFileExceptionSet section */
		ABD3B0072F4274BA00F293BC /* Exceptions for "Library" folder in "Dsquares-task" target */ = {
			isa = PBXFileSystemSynchronizedBuildFileExceptionSet;
			membershipExceptions = (
				CatalogFeature,
			);
			target = ABD3AFB12F42737600F293BC /* Dsquares-task */;
		};
/* End PBXFileSystemSynchronizedBuildFileExceptionSet section */

/* Begin PBXFileSystemSynchronizedRootGroup section */
		ABD3AFB42F42737600F293BC /* Dsquares-task */ = {
			isa = PBXFileSystemSynchronizedRootGroup;
			path = "Dsquares-task";
			sourceTree = "<group>";
		};
		ABD3AFC22F42737700F293BC /* Dsquares-taskTests */ = {
			isa = PBXFileSystemSynchronizedRootGroup;
			path = "Dsquares-taskTests";
			sourceTree = "<group>";
		};
		ABD3AFCC2F42737700F293BC /* Dsquares-taskUITests */ = {
			isa = PBXFileSystemSynchronizedRootGroup;
			path = "Dsquares-taskUITests";
			sourceTree = "<group>";
		};
		ABD3AFE92F42748400F293BC /* Library */ = {
			isa = PBXFileSystemSynchronizedRootGroup;
			exceptions = (
				ABD3B0072F4274BA00F293BC /* Exceptions for "Library" folder in "Dsquares-task" target */,
			);
			path = Library;
			sourceTree = "<group>";
		};
/* End PBXFileSystemSynchronizedRootGroup section */

/* Begin PBXFrameworksBuildPhase section */
		ABD3AFAF2F42737600F293BC /* Frameworks */ = {
			isa = PBXFrameworksBuildPhase;
			buildActionMask = 2147483647;
			files = (
				ABD3B00A2F42868D00F293BC /* CatalogFeature in Frameworks */,
			);
			runOnlyForDeploymentPostprocessing = 0;
		};
		ABD3AFBC2F42737700F293BC /* Frameworks */ = {
			isa = PBXFrameworksBuildPhase;
			buildActionMask = 2147483647;
			files = (
			);
			runOnlyForDeploymentPostprocessing = 0;
		};
		ABD3AFC62F42737700F293BC /* Frameworks */ = {
			isa = PBXFrameworksBuildPhase;
			buildActionMask = 2147483647;
			files = (
			);
			runOnlyForDeploymentPostprocessing = 0;
		};
/* End PBXFrameworksBuildPhase section */

/* Begin PBXGroup section */
		ABD3AFA92F42737600F293BC = {
			isa = PBXGroup;
			children = (
				ABD3AFB42F42737600F293BC /* Dsquares-task */,
				ABD3AFC22F42737700F293BC /* Dsquares-taskTests */,
				ABD3AFCC2F42737700F293BC /* Dsquares-taskUITests */,
				ABD3AFB32F42737600F293BC /* Products */,
				ABD3AFE92F42748400F293BC /* Library */,
				ABD3B0082F42868D00F293BC /* Frameworks */,
			);
			sourceTree = "<group>";
		};
		ABD3AFB32F42737600F293BC /* Products */ = {
			isa = PBXGroup;
			children = (
				ABD3AFB22F42737600F293BC /* Dsquares-task.app */,
				ABD3AFBF2F42737700F293BC /* Dsquares-taskTests.xctest */,
				ABD3AFC92F42737700F293BC /* Dsquares-taskUITests.xctest */,
			);
			name = Products;
			sourceTree = "<group>";
		};
		ABD3B0082F42868D00F293BC /* Frameworks */ = {
			isa = PBXGroup;
			children = (
			);
			name = Frameworks;
			sourceTree = "<group>";
		};
/* End PBXGroup section */

/* Begin PBXNativeTarget section */
		ABD3AFB12F42737600F293BC /* Dsquares-task */ = {
			isa = PBXNativeTarget;
			buildConfigurationList = ABD3AFD32F42737700F293BC /* Build configuration list for PBXNativeTarget "Dsquares-task" */;
			buildPhases = (
				ABD3AFAE2F42737600F293BC /* Sources */,
				ABD3AFAF2F42737600F293BC /* Frameworks */,
				ABD3AFB02F42737600F293BC /* Resources */,
			);
			buildRules = (
			);
			dependencies = (
			);
			fileSystemSynchronizedGroups = (
				ABD3AFB42F42737600F293BC /* Dsquares-task */,
				ABD3AFE92F42748400F293BC /* Library */,
			);
			name = "Dsquares-task";
			packageProductDependencies = (
				ABD3B0092F42868D00F293BC /* CatalogFeature */,
			);
			productName = "Dsquares-task";
			productReference = ABD3AFB22F42737600F293BC /* Dsquares-task.app */;
			productType = "com.apple.product-type.application";
		};
		ABD3AFBE2F42737700F293BC /* Dsquares-taskTests */ = {
			isa = PBXNativeTarget;
			buildConfigurationList = ABD3AFD62F42737700F293BC /* Build configuration list for PBXNativeTarget "Dsquares-taskTests" */;
			buildPhases = (
				ABD3AFBB2F42737700F293BC /* Sources */,
				ABD3AFBC2F42737700F293BC /* Frameworks */,
				ABD3AFBD2F42737700F293BC /* Resources */,
			);
			buildRules = (
			);
			dependencies = (
				ABD3AFC12F42737700F293BC /* PBXTargetDependency */,
			);
			fileSystemSynchronizedGroups = (
				ABD3AFC22F42737700F293BC /* Dsquares-taskTests */,
			);
			name = "Dsquares-taskTests";
			packageProductDependencies = (
			);
			productName = "Dsquares-taskTests";
			productReference = ABD3AFBF2F42737700F293BC /* Dsquares-taskTests.xctest */;
			productType = "com.apple.product-type.bundle.unit-test";
		};
		ABD3AFC82F42737700F293BC /* Dsquares-taskUITests */ = {
			isa = PBXNativeTarget;
			buildConfigurationList = ABD3AFD92F42737700F293BC /* Build configuration list for PBXNativeTarget "Dsquares-taskUITests" */;
			buildPhases = (
				ABD3AFC52F42737700F293BC /* Sources */,
				ABD3AFC62F42737700F293BC /* Frameworks */,
				ABD3AFC72F42737700F293BC /* Resources */,
			);
			buildRules = (
			);
			dependencies = (
				ABD3AFCB2F42737700F293BC /* PBXTargetDependency */,
			);
			fileSystemSynchronizedGroups = (
				ABD3AFCC2F42737700F293BC /* Dsquares-taskUITests */,
			);
			name = "Dsquares-taskUITests";
			packageProductDependencies = (
			);
			productName = "Dsquares-taskUITests";
			productReference = ABD3AFC92F42737700F293BC /* Dsquares-taskUITests.xctest */;
			productType = "com.apple.product-type.bundle.ui-testing";
		};
/* End PBXNativeTarget section */

/* Begin PBXProject section */
		ABD3AFAA2F42737600F293BC /* Project object */ = {
			isa = PBXProject;
			attributes = {
				BuildIndependentTargetsInParallel = 1;
				LastSwiftUpdateCheck = 2620;
				LastUpgradeCheck = 2620;
				TargetAttributes = {
					ABD3AFB12F42737600F293BC = {
						CreatedOnToolsVersion = 26.2;
					};
					ABD3AFBE2F42737700F293BC = {
						CreatedOnToolsVersion = 26.2;
						TestTargetID = ABD3AFB12F42737600F293BC;
					};
					ABD3AFC82F42737700F293BC = {
						CreatedOnToolsVersion = 26.2;
						TestTargetID = ABD3AFB12F42737600F293BC;
					};
				};
			};
			buildConfigurationList = ABD3AFAD2F42737600F293BC /* Build configuration list for PBXProject "Dsquares-task" */;
			developmentRegion = en;
			hasScannedForEncodings = 0;
			knownRegions = (
				en,
				Base,
			);
			mainGroup = ABD3AFA92F42737600F293BC;
			minimizedProjectReferenceProxies = 1;
			preferredProjectObjectVersion = 77;
			productRefGroup = ABD3AFB32F42737600F293BC /* Products */;
			projectDirPath = "";
			projectRoot = "";
			targets = (
				ABD3AFB12F42737600F293BC /* Dsquares-task */,
				ABD3AFBE2F42737700F293BC /* Dsquares-taskTests */,
				ABD3AFC82F42737700F293BC /* Dsquares-taskUITests */,
			);
		};
/* End PBXProject section */

/* Begin PBXResourcesBuildPhase section */
		ABD3AFB02F42737600F293BC /* Resources */ = {
			isa = PBXResourcesBuildPhase;
			buildActionMask = 2147483647;
			files = (
			);
			runOnlyForDeploymentPostprocessing = 0;
		};
		ABD3AFBD2F42737700F293BC /* Resources */ = {
			isa = PBXResourcesBuildPhase;
			buildActionMask = 2147483647;
			files = (
			);
			runOnlyForDeploymentPostprocessing = 0;
		};
		ABD3AFC72F42737700F293BC /* Resources */ = {
			isa = PBXResourcesBuildPhase;
			buildActionMask = 2147483647;
			files = (
			);
			runOnlyForDeploymentPostprocessing = 0;
		};
/* End PBXResourcesBuildPhase section */

/* Begin PBXSourcesBuildPhase section */
		ABD3AFAE2F42737600F293BC /* Sources */ = {
			isa = PBXSourcesBuildPhase;
			buildActionMask = 2147483647;
			files = (
			);
			runOnlyForDeploymentPostprocessing = 0;
		};
		ABD3AFBB2F42737700F293BC /* Sources */ = {
			isa = PBXSourcesBuildPhase;
			buildActionMask = 2147483647;
			files = (
			);
			runOnlyForDeploymentPostprocessing = 0;
		};
		ABD3AFC52F42737700F293BC /* Sources */ = {
			isa = PBXSourcesBuildPhase;
			buildActionMask = 2147483647;
			files = (
			);
			runOnlyForDeploymentPostprocessing = 0;
		};
/* End PBXSourcesBuildPhase section */

/* Begin PBXTargetDependency section */
		ABD3AFC12F42737700F293BC /* PBXTargetDependency */ = {
			isa = PBXTargetDependency;
			target = ABD3AFB12F42737600F293BC /* Dsquares-task */;
			targetProxy = ABD3AFC02F42737700F293BC /* PBXContainerItemProxy */;
		};
		ABD3AFCB2F42737700F293BC /* PBXTargetDependency */ = {
			isa = PBXTargetDependency;
			target = ABD3AFB12F42737600F293BC /* Dsquares-task */;
			targetProxy = ABD3AFCA2F42737700F293BC /* PBXContainerItemProxy */;
		};
/* End PBXTargetDependency section */

/* Begin XCBuildConfiguration section */
		ABD3AFD12F42737700F293BC /* Debug */ = {
			isa = XCBuildConfiguration;
			buildSettings = {
				ALWAYS_SEARCH_USER_PATHS = NO;
				ASSETCATALOG_COMPILER_GENERATE_SWIFT_ASSET_SYMBOL_EXTENSIONS = YES;
				CLANG_ANALYZER_NONNULL = YES;
				CLANG_ANALYZER_NUMBER_OBJECT_CONVERSION = YES_AGGRESSIVE;
				CLANG_CXX_LANGUAGE_STANDARD = "gnu++20";
				CLANG_ENABLE_MODULES = YES;
				CLANG_ENABLE_OBJC_ARC = YES;
				CLANG_ENABLE_OBJC_WEAK = YES;
				CLANG_WARN_BLOCK_CAPTURE_AUTORELEASING = YES;
				CLANG_WARN_BOOL_CONVERSION = YES;
				CLANG_WARN_COMMA = YES;
				CLANG_WARN_CONSTANT_CONVERSION = YES;
				CLANG_WARN_DEPRECATED_OBJC_IMPLEMENTATIONS = YES;
				CLANG_WARN_DIRECT_OBJC_ISA_USAGE = YES_ERROR;
				CLANG_WARN_DOCUMENTATION_COMMENTS = YES;
				CLANG_WARN_EMPTY_BODY = YES;
				CLANG_WARN_ENUM_CONVERSION = YES;
				CLANG_WARN_INFINITE_RECURSION = YES;
				CLANG_WARN_INT_CONVERSION = YES;
				CLANG_WARN_NON_LITERAL_NULL_CONVERSION = YES;
				CLANG_WARN_OBJC_IMPLICIT_RETAIN_SELF = YES;
				CLANG_WARN_OBJC_LITERAL_CONVERSION = YES;
				CLANG_WARN_OBJC_ROOT_CLASS = YES_ERROR;
				CLANG_WARN_QUOTED_INCLUDE_IN_FRAMEWORK_HEADER = YES;
				CLANG_WARN_RANGE_LOOP_ANALYSIS = YES;
				CLANG_WARN_STRICT_PROTOTYPES = YES;
				CLANG_WARN_SUSPICIOUS_MOVE = YES;
				CLANG_WARN_UNGUARDED_AVAILABILITY = YES_AGGRESSIVE;
				CLANG_WARN_UNREACHABLE_CODE = YES;
				CLANG_WARN__DUPLICATE_METHOD_MATCH = YES;
				COPY_PHASE_STRIP = NO;
				DEBUG_INFORMATION_FORMAT = dwarf;
				DEVELOPMENT_TEAM = 3Q8FDFK3WX;
				ENABLE_STRICT_OBJC_MSGSEND = YES;
				ENABLE_TESTABILITY = YES;
				ENABLE_USER_SCRIPT_SANDBOXING = YES;
				GCC_C_LANGUAGE_STANDARD = gnu17;
				GCC_DYNAMIC_NO_PIC = NO;
				GCC_NO_COMMON_BLOCKS = YES;
				GCC_OPTIMIZATION_LEVEL = 0;
				GCC_PREPROCESSOR_DEFINITIONS = (
					"DEBUG=1",
					"$(inherited)",
				);
				GCC_WARN_64_TO_32_BIT_CONVERSION = YES;
				GCC_WARN_ABOUT_RETURN_TYPE = YES_ERROR;
				GCC_WARN_UNDECLARED_SELECTOR = YES;
				GCC_WARN_UNINITIALIZED_AUTOS = YES_AGGRESSIVE;
				GCC_WARN_UNUSED_FUNCTION = YES;
				GCC_WARN_UNUSED_VARIABLE = YES;
				IPHONEOS_DEPLOYMENT_TARGET = 15.6;
				LOCALIZATION_PREFERS_STRING_CATALOGS = YES;
				MTL_ENABLE_DEBUG_INFO = INCLUDE_SOURCE;
				MTL_FAST_MATH = YES;
				ONLY_ACTIVE_ARCH = YES;
				SDKROOT = iphoneos;
				SWIFT_ACTIVE_COMPILATION_CONDITIONS = "DEBUG $(inherited)";
				SWIFT_OPTIMIZATION_LEVEL = "-Onone";
			};
			name = Debug;
		};
		ABD3AFD22F42737700F293BC /* Release */ = {
			isa = XCBuildConfiguration;
			buildSettings = {
				ALWAYS_SEARCH_USER_PATHS = NO;
				ASSETCATALOG_COMPILER_GENERATE_SWIFT_ASSET_SYMBOL_EXTENSIONS = YES;
				CLANG_ANALYZER_NONNULL = YES;
				CLANG_ANALYZER_NUMBER_OBJECT_CONVERSION = YES_AGGRESSIVE;
				CLANG_CXX_LANGUAGE_STANDARD = "gnu++20";
				CLANG_ENABLE_MODULES = YES;
				CLANG_ENABLE_OBJC_ARC = YES;
				CLANG_ENABLE_OBJC_WEAK = YES;
				CLANG_WARN_BLOCK_CAPTURE_AUTORELEASING = YES;
				CLANG_WARN_BOOL_CONVERSION = YES;
				CLANG_WARN_COMMA = YES;
				CLANG_WARN_CONSTANT_CONVERSION = YES;
				CLANG_WARN_DEPRECATED_OBJC_IMPLEMENTATIONS = YES;
				CLANG_WARN_DIRECT_OBJC_ISA_USAGE = YES_ERROR;
				CLANG_WARN_DOCUMENTATION_COMMENTS = YES;
				CLANG_WARN_EMPTY_BODY = YES;
				CLANG_WARN_ENUM_CONVERSION = YES;
				CLANG_WARN_INFINITE_RECURSION = YES;
				CLANG_WARN_INT_CONVERSION = YES;
				CLANG_WARN_NON_LITERAL_NULL_CONVERSION = YES;
				CLANG_WARN_OBJC_IMPLICIT_RETAIN_SELF = YES;
				CLANG_WARN_OBJC_LITERAL_CONVERSION = YES;
				CLANG_WARN_OBJC_ROOT_CLASS = YES_ERROR;
				CLANG_WARN_QUOTED_INCLUDE_IN_FRAMEWORK_HEADER = YES;
				CLANG_WARN_RANGE_LOOP_ANALYSIS = YES;
				CLANG_WARN_STRICT_PROTOTYPES = YES;
				CLANG_WARN_SUSPICIOUS_MOVE = YES;
				CLANG_WARN_UNGUARDED_AVAILABILITY = YES_AGGRESSIVE;
				CLANG_WARN_UNREACHABLE_CODE = YES;
				CLANG_WARN__DUPLICATE_METHOD_MATCH = YES;
				COPY_PHASE_STRIP = NO;
				DEBUG_INFORMATION_FORMAT = "dwarf-with-dsym";
				DEVELOPMENT_TEAM = 3Q8FDFK3WX;
				ENABLE_NS_ASSERTIONS = NO;
				ENABLE_STRICT_OBJC_MSGSEND = YES;
				ENABLE_USER_SCRIPT_SANDBOXING = YES;
				GCC_C_LANGUAGE_STANDARD = gnu17;
				GCC_NO_COMMON_BLOCKS = YES;
				GCC_WARN_64_TO_32_BIT_CONVERSION = YES;
				GCC_WARN_ABOUT_RETURN_TYPE = YES_ERROR;
				GCC_WARN_UNDECLARED_SELECTOR = YES;
				GCC_WARN_UNINITIALIZED_AUTOS = YES_AGGRESSIVE;
				GCC_WARN_UNUSED_FUNCTION = YES;
				GCC_WARN_UNUSED_VARIABLE = YES;
				IPHONEOS_DEPLOYMENT_TARGET = 15.6;
				LOCALIZATION_PREFERS_STRING_CATALOGS = YES;
				MTL_ENABLE_DEBUG_INFO = NO;
				MTL_FAST_MATH = YES;
				SDKROOT = iphoneos;
				SWIFT_COMPILATION_MODE = wholemodule;
				VALIDATE_PRODUCT = YES;
			};
			name = Release;
		};
		ABD3AFD42F42737700F293BC /* Debug */ = {
			isa = XCBuildConfiguration;
			buildSettings = {
				ASSETCATALOG_COMPILER_APPICON_NAME = AppIcon;
				ASSETCATALOG_COMPILER_GLOBAL_ACCENT_COLOR_NAME = AccentColor;
				CODE_SIGN_STYLE = Automatic;
				CURRENT_PROJECT_VERSION = 1;
				DEVELOPMENT_TEAM = 3Q8FDFK3WX;
				ENABLE_PREVIEWS = YES;
				GENERATE_INFOPLIST_FILE = YES;
				INFOPLIST_KEY_UIApplicationSceneManifest_Generation = YES;
				INFOPLIST_KEY_UIApplicationSupportsIndirectInputEvents = YES;
				INFOPLIST_KEY_UILaunchScreen_Generation = YES;
				INFOPLIST_KEY_UISupportedInterfaceOrientations = UIInterfaceOrientationPortrait;
				IPHONEOS_DEPLOYMENT_TARGET = 15.0;
				LD_RUNPATH_SEARCH_PATHS = (
					"$(inherited)",
					"@executable_path/Frameworks",
				);
				MARKETING_VERSION = 1.0;
				PRODUCT_BUNDLE_IDENTIFIER = "com.salah.12488.Dsquares-task";
				PRODUCT_NAME = "$(TARGET_NAME)";
				STRING_CATALOG_GENERATE_SYMBOLS = YES;
				SWIFT_APPROACHABLE_CONCURRENCY = NO;
				SWIFT_DEFAULT_ACTOR_ISOLATION = MainActor;
				SWIFT_EMIT_LOC_STRINGS = YES;
				SWIFT_UPCOMING_FEATURE_MEMBER_IMPORT_VISIBILITY = YES;
				SWIFT_VERSION = 6.0;
				TARGETED_DEVICE_FAMILY = "1,2";
			};
			name = Debug;
		};
		ABD3AFD52F42737700F293BC /* Release */ = {
			isa = XCBuildConfiguration;
			buildSettings = {
				ASSETCATALOG_COMPILER_APPICON_NAME = AppIcon;
				ASSETCATALOG_COMPILER_GLOBAL_ACCENT_COLOR_NAME = AccentColor;
				CODE_SIGN_STYLE = Automatic;
				CURRENT_PROJECT_VERSION = 1;
				DEVELOPMENT_TEAM = 3Q8FDFK3WX;
				ENABLE_PREVIEWS = YES;
				GENERATE_INFOPLIST_FILE = YES;
				INFOPLIST_KEY_UIApplicationSceneManifest_Generation = YES;
				INFOPLIST_KEY_UIApplicationSupportsIndirectInputEvents = YES;
				INFOPLIST_KEY_UILaunchScreen_Generation = YES;
				INFOPLIST_KEY_UISupportedInterfaceOrientations = UIInterfaceOrientationPortrait;
				IPHONEOS_DEPLOYMENT_TARGET = 15.0;
				LD_RUNPATH_SEARCH_PATHS = (
					"$(inherited)",
					"@executable_path/Frameworks",
				);
				MARKETING_VERSION = 1.0;
				PRODUCT_BUNDLE_IDENTIFIER = "com.salah.12488.Dsquares-task";
				PRODUCT_NAME = "$(TARGET_NAME)";
				STRING_CATALOG_GENERATE_SYMBOLS = YES;
				SWIFT_APPROACHABLE_CONCURRENCY = NO;
				SWIFT_DEFAULT_ACTOR_ISOLATION = MainActor;
				SWIFT_EMIT_LOC_STRINGS = YES;
				SWIFT_UPCOMING_FEATURE_MEMBER_IMPORT_VISIBILITY = YES;
				SWIFT_VERSION = 6.0;
				TARGETED_DEVICE_FAMILY = "1,2";
			};
			name = Release;
		};
		ABD3AFD72F42737700F293BC /* Debug */ = {
			isa = XCBuildConfiguration;
			buildSettings = {
				BUNDLE_LOADER = "$(TEST_HOST)";
				CODE_SIGN_STYLE = Automatic;
				CURRENT_PROJECT_VERSION = 1;
				DEVELOPMENT_TEAM = 3Q8FDFK3WX;
				GENERATE_INFOPLIST_FILE = YES;
				IPHONEOS_DEPLOYMENT_TARGET = 26.2;
				MARKETING_VERSION = 1.0;
				PRODUCT_BUNDLE_IDENTIFIER = "com.salah.12488.Dsquares-taskTests";
				PRODUCT_NAME = "$(TARGET_NAME)";
				STRING_CATALOG_GENERATE_SYMBOLS = NO;
				SWIFT_APPROACHABLE_CONCURRENCY = YES;
				SWIFT_EMIT_LOC_STRINGS = NO;
				SWIFT_UPCOMING_FEATURE_MEMBER_IMPORT_VISIBILITY = YES;
				SWIFT_VERSION = 5.0;
				TARGETED_DEVICE_FAMILY = "1,2";
				TEST_HOST = "$(BUILT_PRODUCTS_DIR)/Dsquares-task.app/$(BUNDLE_EXECUTABLE_FOLDER_PATH)/Dsquares-task";
			};
			name = Debug;
		};
		ABD3AFD82F42737700F293BC /* Release */ = {
			isa = XCBuildConfiguration;
			buildSettings = {
				BUNDLE_LOADER = "$(TEST_HOST)";
				CODE_SIGN_STYLE = Automatic;
				CURRENT_PROJECT_VERSION = 1;
				DEVELOPMENT_TEAM = 3Q8FDFK3WX;
				GENERATE_INFOPLIST_FILE = YES;
				IPHONEOS_DEPLOYMENT_TARGET = 26.2;
				MARKETING_VERSION = 1.0;
				PRODUCT_BUNDLE_IDENTIFIER = "com.salah.12488.Dsquares-taskTests";
				PRODUCT_NAME = "$(TARGET_NAME)";
				STRING_CATALOG_GENERATE_SYMBOLS = NO;
				SWIFT_APPROACHABLE_CONCURRENCY = YES;
				SWIFT_EMIT_LOC_STRINGS = NO;
				SWIFT_UPCOMING_FEATURE_MEMBER_IMPORT_VISIBILITY = YES;
				SWIFT_VERSION = 5.0;
				TARGETED_DEVICE_FAMILY = "1,2";
				TEST_HOST = "$(BUILT_PRODUCTS_DIR)/Dsquares-task.app/$(BUNDLE_EXECUTABLE_FOLDER_PATH)/Dsquares-task";
			};
			name = Release;
		};
		ABD3AFDA2F42737700F293BC /* Debug */ = {
			isa = XCBuildConfiguration;
			buildSettings = {
				CODE_SIGN_STYLE = Automatic;
				CURRENT_PROJECT_VERSION = 1;
				DEVELOPMENT_TEAM = 3Q8FDFK3WX;
				GENERATE_INFOPLIST_FILE = YES;
				MARKETING_VERSION = 1.0;
				PRODUCT_BUNDLE_IDENTIFIER = "com.salah.12488.Dsquares-taskUITests";
				PRODUCT_NAME = "$(TARGET_NAME)";
				STRING_CATALOG_GENERATE_SYMBOLS = NO;
				SWIFT_APPROACHABLE_CONCURRENCY = YES;
				SWIFT_EMIT_LOC_STRINGS = NO;
				SWIFT_UPCOMING_FEATURE_MEMBER_IMPORT_VISIBILITY = YES;
				SWIFT_VERSION = 5.0;
				TARGETED_DEVICE_FAMILY = "1,2";
				TEST_TARGET_NAME = "Dsquares-task";
			};
			name = Debug;
		};
		ABD3AFDB2F42737700F293BC /* Release */ = {
			isa = XCBuildConfiguration;
			buildSettings = {
				CODE_SIGN_STYLE = Automatic;
				CURRENT_PROJECT_VERSION = 1;
				DEVELOPMENT_TEAM = 3Q8FDFK3WX;
				GENERATE_INFOPLIST_FILE = YES;
				MARKETING_VERSION = 1.0;
				PRODUCT_BUNDLE_IDENTIFIER = "com.salah.12488.Dsquares-taskUITests";
				PRODUCT_NAME = "$(TARGET_NAME)";
				STRING_CATALOG_GENERATE_SYMBOLS = NO;
				SWIFT_APPROACHABLE_CONCURRENCY = YES;
				SWIFT_EMIT_LOC_STRINGS = NO;
				SWIFT_UPCOMING_FEATURE_MEMBER_IMPORT_VISIBILITY = YES;
				SWIFT_VERSION = 5.0;
				TARGETED_DEVICE_FAMILY = "1,2";
				TEST_TARGET_NAME = "Dsquares-task";
			};
			name = Release;
		};
/* End XCBuildConfiguration section */

/* Begin XCConfigurationList section */
		ABD3AFAD2F42737600F293BC /* Build configuration list for PBXProject "Dsquares-task" */ = {
			isa = XCConfigurationList;
			buildConfigurations = (
				ABD3AFD12F42737700F293BC /* Debug */,
				ABD3AFD22F42737700F293BC /* Release */,
			);
			defaultConfigurationIsVisible = 0;
			defaultConfigurationName = Release;
		};
		ABD3AFD32F42737700F293BC /* Build configuration list for PBXNativeTarget "Dsquares-task" */ = {
			isa = XCConfigurationList;
			buildConfigurations = (
				ABD3AFD42F42737700F293BC /* Debug */,
				ABD3AFD52F42737700F293BC /* Release */,
			);
			defaultConfigurationIsVisible = 0;
			defaultConfigurationName = Release;
		};
		ABD3AFD62F42737700F293BC /* Build configuration list for PBXNativeTarget "Dsquares-taskTests" */ = {
			isa = XCConfigurationList;
			buildConfigurations = (
				ABD3AFD72F42737700F293BC /* Debug */,
				ABD3AFD82F42737700F293BC /* Release */,
			);
			defaultConfigurationIsVisible = 0;
			defaultConfigurationName = Release;
		};
		ABD3AFD92F42737700F293BC /* Build configuration list for PBXNativeTarget "Dsquares-taskUITests" */ = {
			isa = XCConfigurationList;
			buildConfigurations = (
				ABD3AFDA2F42737700F293BC /* Debug */,
				ABD3AFDB2F42737700F293BC /* Release */,
			);
			defaultConfigurationIsVisible = 0;
			defaultConfigurationName = Release;
		};
/* End XCConfigurationList section */

/* Begin XCSwiftPackageProductDependency section */
		ABD3B0092F42868D00F293BC /* CatalogFeature */ = {
			isa = XCSwiftPackageProductDependency;
			productName = CatalogFeature;
		};
/* End XCSwiftPackageProductDependency section */
	};
	rootObject = ABD3AFAA2F42737600F293BC /* Project object */;
}
